<?xml version="1.0" encoding="utf-8"?>
<Project ToolsVersion="4.0" xmlns="http://schemas.microsoft.com/developer/msbuild/2003">
  <ItemGroup>
    <Filter Include="ソース ファイル">
      <UniqueIdentifier>{4FC737F1-C7A5-4376-A066-2A32D752A2FF}</UniqueIdentifier>
      <Extensions>cpp;c;cc;cxx;c++;cppm;ixx;def;odl;idl;hpj;bat;asm;asmx</Extensions>
    </Filter>
    <Filter Include="ヘッダー ファイル">
      <UniqueIdentifier>{93995380-89BD-4b04-88EB-625FBE52EBFB}</UniqueIdentifier>
      <Extensions>h;hh;hpp;hxx;h++;hm;inl;inc;ipp;xsd</Extensions>
    </Filter>
    <Filter Include="リソース ファイル">
      <UniqueIdentifier>{67DA6AB6-F800-4c08-8B7A-83BB121AAD01}</UniqueIdentifier>
      <Extensions>rc;ico;cur;bmp;dlg;rc2;rct;bin;rgs;gif;jpg;jpeg;jpe;resx;tiff;tif;png;wav;mfcribbon-ms</Extensions>
    </Filter>
    <Filter Include="ヘッダー ファイル\Application">
      <UniqueIdentifier>{9defc26a-74f3-426a-91a4-d743de08d52b}</UniqueIdentifier>
    </Filter>
    <Filter Include="ソース ファイル\Application">
      <UniqueIdentifier>{32a9008a-0544-4b3b-95be-281aa2853368}</UniqueIdentifier>
    </Filter>
    <Filter Include="ヘッダー ファイル\Input">
      <UniqueIdentifier>{e36d33ab-44b7-478b-817b-0146afa4d3d6}</UniqueIdentifier>
    </Filter>
    <Filter Include="ソース ファイル\Input">
      <UniqueIdentifier>{bee3d6ce-3493-4d13-9447-24a9ff54642d}</UniqueIdentifier>
    </Filter>
    <Filter Include="ヘッダー ファイル\Mode">
      <UniqueIdentifier>{f9c6a026-f927-47ad-a5dc-f4f5d2d52469}</UniqueIdentifier>
    </Filter>
    <Filter Include="ソース ファイル\Mode">
      <UniqueIdentifier>{36d45b29-5814-4eb2-a4f9-adda7e245191}</UniqueIdentifier>
    </Filter>
    <Filter Include="ヘッダー ファイル\Mode\Fade">
      <UniqueIdentifier>{547333c3-0b6b-42f3-af61-90de4face6d7}</UniqueIdentifier>
    </Filter>
    <Filter Include="ソース ファイル\Mode\Fade">
      <UniqueIdentifier>{03df9ba5-2c34-4bb2-91cf-c245b096b35e}</UniqueIdentifier>
    </Filter>
    <Filter Include="ヘッダー ファイル\Graphic">
      <UniqueIdentifier>{8cb14496-1a1a-4249-b957-8774f3a27d60}</UniqueIdentifier>
    </Filter>
    <Filter Include="ソース ファイル\Graphic">
      <UniqueIdentifier>{ffd0bf77-d3a2-4546-b277-0c4a6de0a669}</UniqueIdentifier>
    </Filter>
    <Filter Include="ヘッダー ファイル\Model">
      <UniqueIdentifier>{25126896-3946-4a67-8ebb-c97a9244e085}</UniqueIdentifier>
    </Filter>
    <Filter Include="ソース ファイル\Model">
      <UniqueIdentifier>{6540050e-f89b-4fa4-bd3c-8d0f5225b783}</UniqueIdentifier>
    </Filter>
    <Filter Include="ヘッダー ファイル\Effect">
      <UniqueIdentifier>{195ab1dd-3488-44c2-83da-40257493378d}</UniqueIdentifier>
    </Filter>
    <Filter Include="ソース ファイル\Effect">
      <UniqueIdentifier>{2d227fae-aa29-4ca7-ae67-9b07583a8eba}</UniqueIdentifier>
    </Filter>
    <Filter Include="ヘッダー ファイル\Sound">
      <UniqueIdentifier>{b49ca5bf-fcde-42ca-9344-ec7ad9361d1d}</UniqueIdentifier>
    </Filter>
    <Filter Include="ソース ファイル\Sound">
      <UniqueIdentifier>{e4754a5b-7b13-4ad0-806f-2bebc2bd9628}</UniqueIdentifier>
    </Filter>
    <Filter Include="ヘッダー ファイル\Math">
      <UniqueIdentifier>{c3a21f86-c421-458b-8ed8-e5834535e851}</UniqueIdentifier>
    </Filter>
    <Filter Include="ソース ファイル\Math">
      <UniqueIdentifier>{e3ba0473-2b63-41a5-a480-5b33a5927e8e}</UniqueIdentifier>
    </Filter>
  </ItemGroup>
  <ItemGroup>
    <ClCompile Include="source\WinMain.cpp">
      <Filter>ソース ファイル</Filter>
    </ClCompile>
    <ClCompile Include="source\Application\ApplicationBase.cpp">
      <Filter>ソース ファイル\Application</Filter>
    </ClCompile>
    <ClCompile Include="source\Input\InputManager.cpp">
      <Filter>ソース ファイル\Input</Filter>
    </ClCompile>
    <ClCompile Include="source\Input\InputXJoypad.cpp">
      <Filter>ソース ファイル\Input</Filter>
    </ClCompile>
    <ClCompile Include="source\Mode\ModeBase.cpp">
      <Filter>ソース ファイル\Mode</Filter>
    </ClCompile>
    <ClCompile Include="source\Mode\ModeServer.cpp">
      <Filter>ソース ファイル\Mode</Filter>
    </ClCompile>
    <ClCompile Include="source\Mode\Fade\ModeFadeBase.cpp">
      <Filter>ソース ファイル\Mode\Fade</Filter>
    </ClCompile>
    <ClCompile Include="source\Mode\Fade\ModeFadeIn.cpp">
      <Filter>ソース ファイル\Mode\Fade</Filter>
    </ClCompile>
    <ClCompile Include="source\Mode\Fade\ModeFadeOut.cpp">
      <Filter>ソース ファイル\Mode\Fade</Filter>
    </ClCompile>
    <ClCompile Include="source\Graphic\GraphicLoadServer.cpp">
      <Filter>ソース ファイル\Graphic</Filter>
    </ClCompile>
    <ClCompile Include="source\Model\ModelLoadServer.cpp">
      <Filter>ソース ファイル\Model</Filter>
    </ClCompile>
    <ClCompile Include="source\Effect\EffectLoadServer.cpp">
      <Filter>ソース ファイル\Effect</Filter>
    </ClCompile>
    <ClCompile Include="source\Sound\SoundLoadServer.cpp">
      <Filter>ソース ファイル\Sound</Filter>
    </ClCompile>
    <ClCompile Include="source\Math\Vector4.cpp">
      <Filter>ソース ファイル\Math</Filter>
    </ClCompile>
  </ItemGroup>
  <ItemGroup>
    <ClInclude Include="source\appframe.h">
      <Filter>ヘッダー ファイル</Filter>
    </ClInclude>
    <ClInclude Include="source\Application\ApplicationBase.h">
      <Filter>ヘッダー ファイル\Application</Filter>
    </ClInclude>
    <ClInclude Include="source\Input\InputXJoypad.h">
      <Filter>ヘッダー ファイル\Input</Filter>
    </ClInclude>
    <ClInclude Include="source\Input\InputManager.h">
      <Filter>ヘッダー ファイル\Input</Filter>
    </ClInclude>
    <ClInclude Include="source\Mode\ModeBase.h">
      <Filter>ヘッダー ファイル\Mode</Filter>
    </ClInclude>
    <ClInclude Include="source\Mode\ModeServer.h">
      <Filter>ヘッダー ファイル\Mode</Filter>
    </ClInclude>
    <ClInclude Include="source\Mode\Fade\ModeFadeBase.h">
      <Filter>ヘッダー ファイル\Mode\Fade</Filter>
    </ClInclude>
    <ClInclude Include="source\Mode\Fade\ModeFadeIn.h">
      <Filter>ヘッダー ファイル\Mode\Fade</Filter>
    </ClInclude>
    <ClInclude Include="source\Mode\Fade\ModeFadeOut.h">
      <Filter>ヘッダー ファイル\Mode\Fade</Filter>
    </ClInclude>
    <ClInclude Include="source\Graphic\GraphicLoadServer.h">
      <Filter>ヘッダー ファイル\Graphic</Filter>
    </ClInclude>
    <ClInclude Include="source\Model\ModelLoadServer.h">
      <Filter>ヘッダー ファイル\Model</Filter>
    </ClInclude>
    <ClInclude Include="source\Effect\EffectLoadServer.h">
      <Filter>ヘッダー ファイル\Effect</Filter>
    </ClInclude>
    <ClInclude Include="source\Sound\SoundLoadServer.h">
      <Filter>ヘッダー ファイル\Sound</Filter>
    </ClInclude>
    <ClInclude Include="source\Math\Vector4.h">
      <Filter>ヘッダー ファイル\Math</Filter>
    </ClInclude>
  </ItemGroup>
</Project>